{
  "version": 4,
  "terraform_version": "1.3.7",
  "serial": 63,
  "lineage": "e8ca124e-97b2-d9b3-97fa-fa6a9b7c80d3",
  "outputs": {
    "igw_id": {
      "value": "igw-02ca4dae7d72fea9b",
      "type": "string"
    },
    "key_id": {
      "value": "terraform-20230201060923428700000001",
      "type": "string"
    },
    "master_instance_id": {
      "value": "i-017b4cf9a41a4995f",
      "type": "string"
    },
    "nat_id": {
      "value": "nat-0bb4db76c83ac8816",
      "type": "string"
    },
    "node1_instance_id": {
      "value": "i-08f96f6a9b09c5c81",
      "type": "string"
    },
    "node2_instance_id": {
      "value": "i-0e93692d9c41d932f",
      "type": "string"
    },
    "private_sg_id": {
      "value": "sg-0bdea79ab25b31dc7",
      "type": "string"
    },
    "private_subnet_id": {
      "value": "subnet-0419b9095a9667eaa",
      "type": "string"
    },
    "public_sg_id": {
      "value": "sg-01f63ae547a22d2c9",
      "type": "string"
    },
    "public_subnet_id": {
      "value": "subnet-02f8ff27b9ce869b1",
      "type": "string"
    },
    "vpc_id": {
      "value": "vpc-08fb63ec65be71a03",
      "type": "string"
    }
  },
  "resources": [
    {
      "module": "module.access_key",
      "mode": "managed",
      "type": "aws_key_pair",
      "name": "keypair",
      "provider": "provider[\"registry.terraform.io/hashicorp/aws\"]",
      "instances": [
        {
          "schema_version": 1,
          "attributes": {
            "arn": "arn:aws:ec2:us-east-1:520097146698:key-pair/terraform-20230201060923428700000001",
            "fingerprint": "51:78:c5:1f:ae:e7:a5:8f:69:89:4a:eb:2c:bf:f6:ae",
            "id": "terraform-20230201060923428700000001",
            "key_name": "terraform-20230201060923428700000001",
            "key_name_prefix": "terraform-",
            "key_pair_id": "key-07cc82e651b9a96ee",
            "key_type": "rsa",
            "public_key": "ssh-rsa AAAAB3NzaC1yc2EAAAADAQABAAACAQCcy2RFnIr2El9coSOEsrOtIRg6boKDA6soiAkr4fHsOzp598b8F7A8XgxFvPXdk+7MATchouaS7zel12H6CVOVlV6SaDByp0RRAZebI8NnN4vUt4shqqmO1igTBFwRZvnFtWmlCm7AOX8Hk5DocUoDu6raJCkv6AyHXKNsjIqBz2nkCL//umizmSGmDosgs81+rh+P0/n6bHpgBjLJSu3wcFIIO1Y+4qn4LTxmFbPUhcyInDI4If8GHjs7IMtqlX9NP2fEZrHzm+jEr9oZonGHplpxOtGJuM73CzajUEsvBws1Q43HhtKRWq2xyXvgI9NIyXppAPg8Y2VPldmedbWiSSq7xW740mjgbuEX1FezojmagfmEco6uuAz/ZRUStIcfjzPaX9qDmF4N1zkFVb0Ag10qyjxjRCG+LcZBMtkWJSy6aq6DLwzUXorPDP8EpAC7ruxzl6DloWwPkONlvUDkMmDdaNQc5hEAEew02ERQF6XaF0CE8dV2hsIebz1RkWjhYCBcN42htuwvkNs1D8YsdgELHuLMkqlAjWOGHwBtNncgMm4jq+ZeG0wT7Jc8Bs2O1+JtYaGLtDs4Lb+93LmXCQbGIgLw+PVEad+qFBv4HfK4PzAs6wxKVbBqESOYo2orJhEb8MgImt/zXvV8mggjlN5yBkw1ycO2RqS0KUnDHw==",
            "tags": null,
            "tags_all": {}
          },
          "sensitive_attributes": [],
          "private": "eyJzY2hlbWFfdmVyc2lvbiI6IjEifQ==",
          "dependencies": [
            "module.access_key.tls_private_key.rsa"
          ]
        }
      ]
    },
    {
      "module": "module.access_key",
      "mode": "managed",
      "type": "local_file",
      "name": "keypair",
      "provider": "provider[\"registry.terraform.io/hashicorp/local\"]",
      "instances": [
        {
          "schema_version": 0,
          "attributes": {
            "content": "-----BEGIN RSA PRIVATE KEY-----\nMIIJKAIBAAKCAgEAnMtkRZyK9hJfXKEjhLKzrSEYOm6CgwOrKIgJK+Hx7Ds6effG\n/BewPF4MRbz13ZPuzAE3IaLmku83pddh+glTlZVekmgwcqdEUQGXmyPDZzeL1LeL\nIaqpjtYoEwRcEWb5xbVppQpuwDl/B5OQ6HFKA7uq2iQpL+gMh1yjbIyKgc9p5Ai/\n/7pos5khpg6LILPNfq4fj9P5+mx6YAYyyUrt8HBSCDtWPuKp+C08ZhWz1IXMiJwy\nOCH/Bh47OyDLapV/TT9nxGax85voxK/aGaJxh6ZacTrRibjO9ws2o1BLLwcLNUON\nx4bSkVqtscl74CPTSMl6aQD4PGNlT5XZnnW1okkqu8Vu+NJo4G7hF9RXs6I5moH5\nhHKOrrgM/2UVErSHH48z2l/ag5heDdc5BVW9AINdKso8Y0Qhvi3GQTLZFiUsumqu\ngy8M1F6Kzwz/BKQAu67sc5eg5aFsD5DjZb1A5DJg3WjUHOYRABHsNNhEUBel2hdA\nhPHVdobCHm89UZFo4WAgXDeNobbsL5DbNQ/GLHYBCx7izJKpQI1jhh8AbTZ3IDJu\nI6vmXhtME+yXPAbNjtfibWGhi7Q7OC2/vdy5lwkGxiIC8Pj1RGnfqhQb+B3yuD8w\nLOsMSlWwahEjmKNqKyYRG/DICJrf8171fJoII5TecgZMNcnDtkaktClJwx8CAwEA\nAQKCAgAH16yGRtQ0hqq6aVzrcDzIdhVOJuTkRLS07Ej5Ju4A0N2V6CzNwymPe2zF\nuDPcB2A0WAM37Xv28XwpEWLXLMw/eR8n14pE0dT68Edy/RDzArY9x4hwAKdGe7O5\nb8hjHnFz0CUemiz79GRELr9awP/gu+xJyPE+ci7ePmX2MfljkMpNG5ru4ZYHFau3\nMJcI5bVrlq4BdarVOcPNNcIoi1TnZ9bSjpU7w/6YaTrSKFe8U4ztcFKauCiXV7/C\nr1s9U4jwhjFcg353Ht8/p0QTcCqZjFqNu1FrwBCqDqeG96crDQEkguJ+jmHN32k8\nsUU+6svQojM7OU8xRg91MZuW73BMP6uHuzp0fjlTGGqHXZAzNzs63td6Te7eyhc+\n6V5+06k6EJ4iUTNy/FQzKgi5hbodpRdquupYT21r10mJdjMLV1dfFI/6vbvwbTvw\nDzREHNu3eoj1+shCHWrJiijyjK/1FuXyX23ZdVaUWu2h8ApmRDDpgtlM84qKl2SG\nEq+dox/6V2SL49953mQywR4QVPXt08ffm+bPG63eVECbGNOJ2xmk1h27tDAUiaO/\n7kzMjFcKwdMP6Hvme/kdyPD3VQXcnBGHkH1UyR7axahok5+HDIfwd0FvJqtHvlW5\nKWOW/jh6DpKaoC0+VaJPvufvHLVnk4esFhG1BpKhdunU+Am+MQKCAQEAwm1EsMbi\ngKrRlLVf6LNey/tZ2C8qXNTNV+R46triDKUBE53ffUmUq27moeaySpBmtYZSssjq\n/oZL3eTk/EHJTRta2ya06845myQ85bx3DxJKt4zmzZlQlPSg1cDdE+vZOpxgUQax\n6hXNbZdsCkXnvqpyZlHGZZ7f6jh0YesvzwNAV3bAs/1LrB01mGzkaGZXkrMCM+Ml\nTeWWiJjOMGBEKIL3tEo9jlqsNX6YQArNynYinqrMGfp3mgSJCg4kqX7jGRNrhQ6Y\n6nFo3fGeNbhS5HfRf63xT0og6bkQ/aXGSycxdnVGW8vZqwonR2xFTTZSryWie7in\nSOa08XWGizjQVQKCAQEAznMqBLXamcL0Ad+Dbri7WAEsWkLX3bejIsWTtLCRo6lx\nRu7v2OaDK3mUXmix0UFEbbKfDibW8Ui4sxx/sIm/TaAZv2YfWV7shEUzaU3aL0Ni\nQ7eaPef2EdziFWBUrYKDK2Ls0c+JCWkudpFRz6+Bms2p74Ck3ckWOeScNmyA0qvN\nIR2O/FmwVP6ulS9BlExm82qCdBpwkCERGLYm35TceFwwAjwfccAeeTnqGTOlmF79\nkkLlklPoiNRNM7kTCAbgJTOT7zK4tGt/+kQXHLO4RoXpx1N/20uUSaU62BRclxew\nMYJv/uTe5cnRnqrzxkwXvGO3Mgf9sNdhHVJ8qUGpowKCAQAF9of2zALCY3rODsoE\nPwwXQXw97yRjeHtbyLwUp+Xq8VyZF2x1UT5oC5yzNnodY1RjGN2McjES4VeOVKjZ\nO8NKxB4DPqqp2MdXhMMBYMheA/earY2enKcmCmKsa5/cLo2ZCJbDpWrrfQOx6sT7\ng61Z4axkivmEwFypuFWJc0ciGD1u8Utzub8KZlLwe9Z9hTYGX8sfgEXyn6oAQn+A\naFNu0qV6OBSvOwSxF1LgE/S/0uO47hAYc+AbLyxszIY/VI7ug/P2Pr5d4mCO/gwW\nJbMVIr+gJNuTzPg5ct2ciesM/wS7V1lzE0t3vXX68M0nUxUyHftfxAgNalX+WdZo\nirOJAoIBAQCaeQdOoPehJ4NGR4TjeuwK7E3Qd8Vni7lQEj/z6k3/BJDSv4PNaqVp\nCT6f6Xxrk4dtAUML5rnbrkstEbzlThxLK+k4EmSQjXsxeUn/mBYSWTwUaTPK8F5p\nfTnZPsv9S/NzqkCCuOPTm9T9OLzbRnoWZ56oqzwxCv5LcSgFfOhjOdNx3NkZLs7G\nug3NaJ+MJCLALcjQsNvarDNLpzetAYh5spjlgzEP/u2OTWxBUSitux3Gq7F07L3I\na/ocInYAAo0CqPYe+3fC39DRZNNaUYsnkZmb4HmBj6qz9CL0fT/OehYG5Y+BTKUP\nkRP8wfNHQ7Za6s2vbNVA1dc/hnHqf0w7AoIBABuVydvnDblVP2T44EtxmsSAI+Vo\n8pCfYhy+XW+XT73rib+ofDRzsXBXZVkAwc12z3o9gNILUGoDqKxLDz4BNlP1u7l0\nM2ejemeHVTAWhURJ103DXS6uLQfjPGv9n7X8bbvEAjx7W/GbJdLi9LWcbTHXrAPy\nvTyH98POP9Sj4oXljiDUY/vkMCVAZeeZnkxBhr8pcu4ZkEmqRAXGbYiV78LeYA6h\nM1zRH9eoyfXFc2vGpb8fUTBy2zyYdlkp2g62QytakIarKhK7QAUpND/A+vEADPAv\nTwoFmdnxTEWbLE6jBbYF2DSGjLtXAK7PIMRcEcLccl6wGAfnHgmv9yy6eAA=\n-----END RSA PRIVATE KEY-----\n",
            "content_base64": null,
            "directory_permission": "0777",
            "file_permission": "0400",
            "filename": "redis",
            "id": "8a08fbe2bd06e7d71bc21fafa1630ecc8b05b3da",
            "sensitive_content": null,
            "source": null
          },
          "sensitive_attributes": [
            [
              {
                "type": "get_attr",
                "value": "content"
              }
            ]
          ],
          "dependencies": [
            "module.access_key.tls_private_key.rsa"
          ]
        }
      ]
    },
    {
      "module": "module.access_key",
      "mode": "managed",
      "type": "tls_private_key",
      "name": "rsa",
      "provider": "provider[\"registry.terraform.io/hashicorp/tls\"]",
      "instances": [
        {
          "schema_version": 1,
          "attributes": {
            "algorithm": "RSA",
            "ecdsa_curve": "P224",
            "id": "ea8d416a29b22462dc819b518e56203c0f26f413",
            "private_key_openssh": "-----BEGIN OPENSSH PRIVATE KEY-----\nb3BlbnNzaC1rZXktdjEAAAAABG5vbmUAAAAEbm9uZQAAAAAAAAABAAACFwAAAAdz\nc2gtcnNhAAAAAwEAAQAAAgEAnMtkRZyK9hJfXKEjhLKzrSEYOm6CgwOrKIgJK+Hx\n7Ds6effG/BewPF4MRbz13ZPuzAE3IaLmku83pddh+glTlZVekmgwcqdEUQGXmyPD\nZzeL1LeLIaqpjtYoEwRcEWb5xbVppQpuwDl/B5OQ6HFKA7uq2iQpL+gMh1yjbIyK\ngc9p5Ai//7pos5khpg6LILPNfq4fj9P5+mx6YAYyyUrt8HBSCDtWPuKp+C08ZhWz\n1IXMiJwyOCH/Bh47OyDLapV/TT9nxGax85voxK/aGaJxh6ZacTrRibjO9ws2o1BL\nLwcLNUONx4bSkVqtscl74CPTSMl6aQD4PGNlT5XZnnW1okkqu8Vu+NJo4G7hF9RX\ns6I5moH5hHKOrrgM/2UVErSHH48z2l/ag5heDdc5BVW9AINdKso8Y0Qhvi3GQTLZ\nFiUsumqugy8M1F6Kzwz/BKQAu67sc5eg5aFsD5DjZb1A5DJg3WjUHOYRABHsNNhE\nUBel2hdAhPHVdobCHm89UZFo4WAgXDeNobbsL5DbNQ/GLHYBCx7izJKpQI1jhh8A\nbTZ3IDJuI6vmXhtME+yXPAbNjtfibWGhi7Q7OC2/vdy5lwkGxiIC8Pj1RGnfqhQb\n+B3yuD8wLOsMSlWwahEjmKNqKyYRG/DICJrf8171fJoII5TecgZMNcnDtkaktClJ\nwx8AAAc4o5LdxqOS3cYAAAAHc3NoLXJzYQAAAgEAnMtkRZyK9hJfXKEjhLKzrSEY\nOm6CgwOrKIgJK+Hx7Ds6effG/BewPF4MRbz13ZPuzAE3IaLmku83pddh+glTlZVe\nkmgwcqdEUQGXmyPDZzeL1LeLIaqpjtYoEwRcEWb5xbVppQpuwDl/B5OQ6HFKA7uq\n2iQpL+gMh1yjbIyKgc9p5Ai//7pos5khpg6LILPNfq4fj9P5+mx6YAYyyUrt8HBS\nCDtWPuKp+C08ZhWz1IXMiJwyOCH/Bh47OyDLapV/TT9nxGax85voxK/aGaJxh6Za\ncTrRibjO9ws2o1BLLwcLNUONx4bSkVqtscl74CPTSMl6aQD4PGNlT5XZnnW1okkq\nu8Vu+NJo4G7hF9RXs6I5moH5hHKOrrgM/2UVErSHH48z2l/ag5heDdc5BVW9AINd\nKso8Y0Qhvi3GQTLZFiUsumqugy8M1F6Kzwz/BKQAu67sc5eg5aFsD5DjZb1A5DJg\n3WjUHOYRABHsNNhEUBel2hdAhPHVdobCHm89UZFo4WAgXDeNobbsL5DbNQ/GLHYB\nCx7izJKpQI1jhh8AbTZ3IDJuI6vmXhtME+yXPAbNjtfibWGhi7Q7OC2/vdy5lwkG\nxiIC8Pj1RGnfqhQb+B3yuD8wLOsMSlWwahEjmKNqKyYRG/DICJrf8171fJoII5Te\ncgZMNcnDtkaktClJwx8AAAADAQABAAACAAfXrIZG1DSGqrppXOtwPMh2FU4m5ORE\ntLTsSPkm7gDQ3ZXoLM3DKY97bMW4M9wHYDRYAzfte/bxfCkRYtcszD95HyfXikTR\n1PrwR3L9EPMCtj3HiHAAp0Z7s7lvyGMecXPQJR6aLPv0ZEQuv1rA/+C77EnI8T5y\nLt4+ZfYx+WOQyk0bmu7hlgcVq7cwlwjltWuWrgF1qtU5w801wiiLVOdn1tKOlTvD\n/phpOtIoV7xTjO1wUpq4KJdXv8KvWz1TiPCGMVyDfnce3z+nRBNwKpmMWo27UWvA\nEKoOp4b3pysNASSC4n6OYc3faTyxRT7qy9CiMzs5TzFGD3Uxm5bvcEw/q4e7OnR+\nOVMYaoddkDM3Ozre13pN7t7KFz7pXn7TqToQniJRM3L8VDMqCLmFuh2lF2q66lhP\nbWvXSYl2MwtXV18Uj/q9u/BtO/APNEQc27d6iPX6yEIdasmKKPKMr/UW5fJfbdl1\nVpRa7aHwCmZEMOmC2UzzioqXZIYSr52jH/pXZIvj33neZDLBHhBU9e3Tx9+b5s8b\nrd5UQJsY04nbGaTWHbu0MBSJo7/uTMyMVwrB0w/oe+Z7+R3I8PdVBdycEYeQfVTJ\nHtrFqGiTn4cMh/B3QW8mq0e+VbkpY5b+OHoOkpqgLT5Vok++5+8ctWeTh6wWEbUG\nkqF26dT4Cb4xAAABABuVydvnDblVP2T44EtxmsSAI+Vo8pCfYhy+XW+XT73rib+o\nfDRzsXBXZVkAwc12z3o9gNILUGoDqKxLDz4BNlP1u7l0M2ejemeHVTAWhURJ103D\nXS6uLQfjPGv9n7X8bbvEAjx7W/GbJdLi9LWcbTHXrAPyvTyH98POP9Sj4oXljiDU\nY/vkMCVAZeeZnkxBhr8pcu4ZkEmqRAXGbYiV78LeYA6hM1zRH9eoyfXFc2vGpb8f\nUTBy2zyYdlkp2g62QytakIarKhK7QAUpND/A+vEADPAvTwoFmdnxTEWbLE6jBbYF\n2DSGjLtXAK7PIMRcEcLccl6wGAfnHgmv9yy6eAAAAAEBAMJtRLDG4oCq0ZS1X+iz\nXsv7WdgvKlzUzVfkeOra4gylAROd331JlKtu5qHmskqQZrWGUrLI6v6GS93k5PxB\nyU0bWtsmtOvOOZskPOW8dw8SSreM5s2ZUJT0oNXA3RPr2TqcYFEGseoVzW2XbApF\n576qcmZRxmWe3+o4dGHrL88DQFd2wLP9S6wdNZhs5GhmV5KzAjPjJU3lloiYzjBg\nRCiC97RKPY5arDV+mEAKzcp2Ip6qzBn6d5oEiQoOJKl+4xkTa4UOmOpxaN3xnjW4\nUuR30X+t8U9KIOm5EP2lxksnMXZ1RlvL2asKJ0dsRU02Uq8lonu4p0jmtPF1hos4\n0FUAAAEBAM5zKgS12pnC9AHfg264u1gBLFpC1923oyLFk7SwkaOpcUbu79jmgyt5\nlF5osdFBRG2ynw4m1vFIuLMcf7CJv02gGb9mH1le7IRFM2lN2i9DYkO3mj3n9hHc\n4hVgVK2Cgyti7NHPiQlpLnaRUc+vgZrNqe+ApN3JFjnknDZsgNKrzSEdjvxZsFT+\nrpUvQZRMZvNqgnQacJAhERi2Jt+U3HhcMAI8H3HAHnk56hkzpZhe/ZJC5ZJT6IjU\nTTO5EwgG4CUzk+8yuLRrf/pEFxyzuEaF6cdTf9tLlEmlOtgUXJcXsDGCb/7k3uXJ\n0Z6q88ZMF7xjtzIH/bDXYR1SfKlBqaMAAAAAAQID\n-----END OPENSSH PRIVATE KEY-----\n",
            "private_key_pem": "-----BEGIN RSA PRIVATE KEY-----\nMIIJKAIBAAKCAgEAnMtkRZyK9hJfXKEjhLKzrSEYOm6CgwOrKIgJK+Hx7Ds6effG\n/BewPF4MRbz13ZPuzAE3IaLmku83pddh+glTlZVekmgwcqdEUQGXmyPDZzeL1LeL\nIaqpjtYoEwRcEWb5xbVppQpuwDl/B5OQ6HFKA7uq2iQpL+gMh1yjbIyKgc9p5Ai/\n/7pos5khpg6LILPNfq4fj9P5+mx6YAYyyUrt8HBSCDtWPuKp+C08ZhWz1IXMiJwy\nOCH/Bh47OyDLapV/TT9nxGax85voxK/aGaJxh6ZacTrRibjO9ws2o1BLLwcLNUON\nx4bSkVqtscl74CPTSMl6aQD4PGNlT5XZnnW1okkqu8Vu+NJo4G7hF9RXs6I5moH5\nhHKOrrgM/2UVErSHH48z2l/ag5heDdc5BVW9AINdKso8Y0Qhvi3GQTLZFiUsumqu\ngy8M1F6Kzwz/BKQAu67sc5eg5aFsD5DjZb1A5DJg3WjUHOYRABHsNNhEUBel2hdA\nhPHVdobCHm89UZFo4WAgXDeNobbsL5DbNQ/GLHYBCx7izJKpQI1jhh8AbTZ3IDJu\nI6vmXhtME+yXPAbNjtfibWGhi7Q7OC2/vdy5lwkGxiIC8Pj1RGnfqhQb+B3yuD8w\nLOsMSlWwahEjmKNqKyYRG/DICJrf8171fJoII5TecgZMNcnDtkaktClJwx8CAwEA\nAQKCAgAH16yGRtQ0hqq6aVzrcDzIdhVOJuTkRLS07Ej5Ju4A0N2V6CzNwymPe2zF\nuDPcB2A0WAM37Xv28XwpEWLXLMw/eR8n14pE0dT68Edy/RDzArY9x4hwAKdGe7O5\nb8hjHnFz0CUemiz79GRELr9awP/gu+xJyPE+ci7ePmX2MfljkMpNG5ru4ZYHFau3\nMJcI5bVrlq4BdarVOcPNNcIoi1TnZ9bSjpU7w/6YaTrSKFe8U4ztcFKauCiXV7/C\nr1s9U4jwhjFcg353Ht8/p0QTcCqZjFqNu1FrwBCqDqeG96crDQEkguJ+jmHN32k8\nsUU+6svQojM7OU8xRg91MZuW73BMP6uHuzp0fjlTGGqHXZAzNzs63td6Te7eyhc+\n6V5+06k6EJ4iUTNy/FQzKgi5hbodpRdquupYT21r10mJdjMLV1dfFI/6vbvwbTvw\nDzREHNu3eoj1+shCHWrJiijyjK/1FuXyX23ZdVaUWu2h8ApmRDDpgtlM84qKl2SG\nEq+dox/6V2SL49953mQywR4QVPXt08ffm+bPG63eVECbGNOJ2xmk1h27tDAUiaO/\n7kzMjFcKwdMP6Hvme/kdyPD3VQXcnBGHkH1UyR7axahok5+HDIfwd0FvJqtHvlW5\nKWOW/jh6DpKaoC0+VaJPvufvHLVnk4esFhG1BpKhdunU+Am+MQKCAQEAwm1EsMbi\ngKrRlLVf6LNey/tZ2C8qXNTNV+R46triDKUBE53ffUmUq27moeaySpBmtYZSssjq\n/oZL3eTk/EHJTRta2ya06845myQ85bx3DxJKt4zmzZlQlPSg1cDdE+vZOpxgUQax\n6hXNbZdsCkXnvqpyZlHGZZ7f6jh0YesvzwNAV3bAs/1LrB01mGzkaGZXkrMCM+Ml\nTeWWiJjOMGBEKIL3tEo9jlqsNX6YQArNynYinqrMGfp3mgSJCg4kqX7jGRNrhQ6Y\n6nFo3fGeNbhS5HfRf63xT0og6bkQ/aXGSycxdnVGW8vZqwonR2xFTTZSryWie7in\nSOa08XWGizjQVQKCAQEAznMqBLXamcL0Ad+Dbri7WAEsWkLX3bejIsWTtLCRo6lx\nRu7v2OaDK3mUXmix0UFEbbKfDibW8Ui4sxx/sIm/TaAZv2YfWV7shEUzaU3aL0Ni\nQ7eaPef2EdziFWBUrYKDK2Ls0c+JCWkudpFRz6+Bms2p74Ck3ckWOeScNmyA0qvN\nIR2O/FmwVP6ulS9BlExm82qCdBpwkCERGLYm35TceFwwAjwfccAeeTnqGTOlmF79\nkkLlklPoiNRNM7kTCAbgJTOT7zK4tGt/+kQXHLO4RoXpx1N/20uUSaU62BRclxew\nMYJv/uTe5cnRnqrzxkwXvGO3Mgf9sNdhHVJ8qUGpowKCAQAF9of2zALCY3rODsoE\nPwwXQXw97yRjeHtbyLwUp+Xq8VyZF2x1UT5oC5yzNnodY1RjGN2McjES4VeOVKjZ\nO8NKxB4DPqqp2MdXhMMBYMheA/earY2enKcmCmKsa5/cLo2ZCJbDpWrrfQOx6sT7\ng61Z4axkivmEwFypuFWJc0ciGD1u8Utzub8KZlLwe9Z9hTYGX8sfgEXyn6oAQn+A\naFNu0qV6OBSvOwSxF1LgE/S/0uO47hAYc+AbLyxszIY/VI7ug/P2Pr5d4mCO/gwW\nJbMVIr+gJNuTzPg5ct2ciesM/wS7V1lzE0t3vXX68M0nUxUyHftfxAgNalX+WdZo\nirOJAoIBAQCaeQdOoPehJ4NGR4TjeuwK7E3Qd8Vni7lQEj/z6k3/BJDSv4PNaqVp\nCT6f6Xxrk4dtAUML5rnbrkstEbzlThxLK+k4EmSQjXsxeUn/mBYSWTwUaTPK8F5p\nfTnZPsv9S/NzqkCCuOPTm9T9OLzbRnoWZ56oqzwxCv5LcSgFfOhjOdNx3NkZLs7G\nug3NaJ+MJCLALcjQsNvarDNLpzetAYh5spjlgzEP/u2OTWxBUSitux3Gq7F07L3I\na/ocInYAAo0CqPYe+3fC39DRZNNaUYsnkZmb4HmBj6qz9CL0fT/OehYG5Y+BTKUP\nkRP8wfNHQ7Za6s2vbNVA1dc/hnHqf0w7AoIBABuVydvnDblVP2T44EtxmsSAI+Vo\n8pCfYhy+XW+XT73rib+ofDRzsXBXZVkAwc12z3o9gNILUGoDqKxLDz4BNlP1u7l0\nM2ejemeHVTAWhURJ103DXS6uLQfjPGv9n7X8bbvEAjx7W/GbJdLi9LWcbTHXrAPy\nvTyH98POP9Sj4oXljiDUY/vkMCVAZeeZnkxBhr8pcu4ZkEmqRAXGbYiV78LeYA6h\nM1zRH9eoyfXFc2vGpb8fUTBy2zyYdlkp2g62QytakIarKhK7QAUpND/A+vEADPAv\nTwoFmdnxTEWbLE6jBbYF2DSGjLtXAK7PIMRcEcLccl6wGAfnHgmv9yy6eAA=\n-----END RSA PRIVATE KEY-----\n",
            "private_key_pem_pkcs8": "-----BEGIN PRIVATE KEY-----\nMIIJQgIBADANBgkqhkiG9w0BAQEFAASCCSwwggkoAgEAAoICAQCcy2RFnIr2El9c\noSOEsrOtIRg6boKDA6soiAkr4fHsOzp598b8F7A8XgxFvPXdk+7MATchouaS7zel\n12H6CVOVlV6SaDByp0RRAZebI8NnN4vUt4shqqmO1igTBFwRZvnFtWmlCm7AOX8H\nk5DocUoDu6raJCkv6AyHXKNsjIqBz2nkCL//umizmSGmDosgs81+rh+P0/n6bHpg\nBjLJSu3wcFIIO1Y+4qn4LTxmFbPUhcyInDI4If8GHjs7IMtqlX9NP2fEZrHzm+jE\nr9oZonGHplpxOtGJuM73CzajUEsvBws1Q43HhtKRWq2xyXvgI9NIyXppAPg8Y2VP\nldmedbWiSSq7xW740mjgbuEX1FezojmagfmEco6uuAz/ZRUStIcfjzPaX9qDmF4N\n1zkFVb0Ag10qyjxjRCG+LcZBMtkWJSy6aq6DLwzUXorPDP8EpAC7ruxzl6DloWwP\nkONlvUDkMmDdaNQc5hEAEew02ERQF6XaF0CE8dV2hsIebz1RkWjhYCBcN42htuwv\nkNs1D8YsdgELHuLMkqlAjWOGHwBtNncgMm4jq+ZeG0wT7Jc8Bs2O1+JtYaGLtDs4\nLb+93LmXCQbGIgLw+PVEad+qFBv4HfK4PzAs6wxKVbBqESOYo2orJhEb8MgImt/z\nXvV8mggjlN5yBkw1ycO2RqS0KUnDHwIDAQABAoICAAfXrIZG1DSGqrppXOtwPMh2\nFU4m5OREtLTsSPkm7gDQ3ZXoLM3DKY97bMW4M9wHYDRYAzfte/bxfCkRYtcszD95\nHyfXikTR1PrwR3L9EPMCtj3HiHAAp0Z7s7lvyGMecXPQJR6aLPv0ZEQuv1rA/+C7\n7EnI8T5yLt4+ZfYx+WOQyk0bmu7hlgcVq7cwlwjltWuWrgF1qtU5w801wiiLVOdn\n1tKOlTvD/phpOtIoV7xTjO1wUpq4KJdXv8KvWz1TiPCGMVyDfnce3z+nRBNwKpmM\nWo27UWvAEKoOp4b3pysNASSC4n6OYc3faTyxRT7qy9CiMzs5TzFGD3Uxm5bvcEw/\nq4e7OnR+OVMYaoddkDM3Ozre13pN7t7KFz7pXn7TqToQniJRM3L8VDMqCLmFuh2l\nF2q66lhPbWvXSYl2MwtXV18Uj/q9u/BtO/APNEQc27d6iPX6yEIdasmKKPKMr/UW\n5fJfbdl1VpRa7aHwCmZEMOmC2UzzioqXZIYSr52jH/pXZIvj33neZDLBHhBU9e3T\nx9+b5s8brd5UQJsY04nbGaTWHbu0MBSJo7/uTMyMVwrB0w/oe+Z7+R3I8PdVBdyc\nEYeQfVTJHtrFqGiTn4cMh/B3QW8mq0e+VbkpY5b+OHoOkpqgLT5Vok++5+8ctWeT\nh6wWEbUGkqF26dT4Cb4xAoIBAQDCbUSwxuKAqtGUtV/os17L+1nYLypc1M1X5Hjq\n2uIMpQETnd99SZSrbuah5rJKkGa1hlKyyOr+hkvd5OT8QclNG1rbJrTrzjmbJDzl\nvHcPEkq3jObNmVCU9KDVwN0T69k6nGBRBrHqFc1tl2wKRee+qnJmUcZlnt/qOHRh\n6y/PA0BXdsCz/UusHTWYbORoZleSswIz4yVN5ZaImM4wYEQogve0Sj2OWqw1fphA\nCs3KdiKeqswZ+neaBIkKDiSpfuMZE2uFDpjqcWjd8Z41uFLkd9F/rfFPSiDpuRD9\npcZLJzF2dUZby9mrCidHbEVNNlKvJaJ7uKdI5rTxdYaLONBVAoIBAQDOcyoEtdqZ\nwvQB34NuuLtYASxaQtfdt6MixZO0sJGjqXFG7u/Y5oMreZReaLHRQURtsp8OJtbx\nSLizHH+wib9NoBm/Zh9ZXuyERTNpTdovQ2JDt5o95/YR3OIVYFStgoMrYuzRz4kJ\naS52kVHPr4GazanvgKTdyRY55Jw2bIDSq80hHY78WbBU/q6VL0GUTGbzaoJ0GnCQ\nIREYtibflNx4XDACPB9xwB55OeoZM6WYXv2SQuWSU+iI1E0zuRMIBuAlM5PvMri0\na3/6RBccs7hGhenHU3/bS5RJpTrYFFyXF7Axgm/+5N7lydGeqvPGTBe8Y7cyB/2w\n12EdUnypQamjAoIBAAX2h/bMAsJjes4OygQ/DBdBfD3vJGN4e1vIvBSn5erxXJkX\nbHVRPmgLnLM2eh1jVGMY3YxyMRLhV45UqNk7w0rEHgM+qqnYx1eEwwFgyF4D95qt\njZ6cpyYKYqxrn9wujZkIlsOlaut9A7HqxPuDrVnhrGSK+YTAXKm4VYlzRyIYPW7x\nS3O5vwpmUvB71n2FNgZfyx+ARfKfqgBCf4BoU27SpXo4FK87BLEXUuAT9L/S47ju\nEBhz4BsvLGzMhj9Uju6D8/Y+vl3iYI7+DBYlsxUiv6Ak25PM+Dly3ZyJ6wz/BLtX\nWXMTS3e9dfrwzSdTFTId+1/ECA1qVf5Z1miKs4kCggEBAJp5B06g96Eng0ZHhON6\n7ArsTdB3xWeLuVASP/PqTf8EkNK/g81qpWkJPp/pfGuTh20BQwvmuduuSy0RvOVO\nHEsr6TgSZJCNezF5Sf+YFhJZPBRpM8rwXml9Odk+y/1L83OqQIK449Ob1P04vNtG\nehZnnqirPDEK/ktxKAV86GM503Hc2Rkuzsa6Dc1on4wkIsAtyNCw29qsM0unN60B\niHmymOWDMQ/+7Y5NbEFRKK27HcarsXTsvchr+hwidgACjQKo9h77d8Lf0NFk01pR\niyeRmZvgeYGPqrP0IvR9P856Fgblj4FMpQ+RE/zB80dDtlrqza9s1UDV1z+Gcep/\nTDsCggEAG5XJ2+cNuVU/ZPjgS3GaxIAj5WjykJ9iHL5db5dPveuJv6h8NHOxcFdl\nWQDBzXbPej2A0gtQagOorEsPPgE2U/W7uXQzZ6N6Z4dVMBaFREnXTcNdLq4tB+M8\na/2ftfxtu8QCPHtb8Zsl0uL0tZxtMdesA/K9PIf3w84/1KPiheWOINRj++QwJUBl\n55meTEGGvyly7hmQSapEBcZtiJXvwt5gDqEzXNEf16jJ9cVza8alvx9RMHLbPJh2\nWSnaDrZDK1qQhqsqErtABSk0P8D68QAM8C9PCgWZ2fFMRZssTqMFtgXYNIaMu1cA\nrs8gxFwRwtxyXrAYB+ceCa/3LLp4AA==\n-----END PRIVATE KEY-----\n",
            "public_key_fingerprint_md5": "07:1e:30:03:57:18:a0:76:9c:fb:f4:f2:60:c9:5a:09",
            "public_key_fingerprint_sha256": "SHA256:vC12xsPAthXYANXBtax5lwiSs12xi0B8oPwS583gPxk",
            "public_key_openssh": "ssh-rsa AAAAB3NzaC1yc2EAAAADAQABAAACAQCcy2RFnIr2El9coSOEsrOtIRg6boKDA6soiAkr4fHsOzp598b8F7A8XgxFvPXdk+7MATchouaS7zel12H6CVOVlV6SaDByp0RRAZebI8NnN4vUt4shqqmO1igTBFwRZvnFtWmlCm7AOX8Hk5DocUoDu6raJCkv6AyHXKNsjIqBz2nkCL//umizmSGmDosgs81+rh+P0/n6bHpgBjLJSu3wcFIIO1Y+4qn4LTxmFbPUhcyInDI4If8GHjs7IMtqlX9NP2fEZrHzm+jEr9oZonGHplpxOtGJuM73CzajUEsvBws1Q43HhtKRWq2xyXvgI9NIyXppAPg8Y2VPldmedbWiSSq7xW740mjgbuEX1FezojmagfmEco6uuAz/ZRUStIcfjzPaX9qDmF4N1zkFVb0Ag10qyjxjRCG+LcZBMtkWJSy6aq6DLwzUXorPDP8EpAC7ruxzl6DloWwPkONlvUDkMmDdaNQc5hEAEew02ERQF6XaF0CE8dV2hsIebz1RkWjhYCBcN42htuwvkNs1D8YsdgELHuLMkqlAjWOGHwBtNncgMm4jq+ZeG0wT7Jc8Bs2O1+JtYaGLtDs4Lb+93LmXCQbGIgLw+PVEad+qFBv4HfK4PzAs6wxKVbBqESOYo2orJhEb8MgImt/zXvV8mggjlN5yBkw1ycO2RqS0KUnDHw==\n",
            "public_key_pem": "-----BEGIN PUBLIC KEY-----\nMIICIjANBgkqhkiG9w0BAQEFAAOCAg8AMIICCgKCAgEAnMtkRZyK9hJfXKEjhLKz\nrSEYOm6CgwOrKIgJK+Hx7Ds6effG/BewPF4MRbz13ZPuzAE3IaLmku83pddh+glT\nlZVekmgwcqdEUQGXmyPDZzeL1LeLIaqpjtYoEwRcEWb5xbVppQpuwDl/B5OQ6HFK\nA7uq2iQpL+gMh1yjbIyKgc9p5Ai//7pos5khpg6LILPNfq4fj9P5+mx6YAYyyUrt\n8HBSCDtWPuKp+C08ZhWz1IXMiJwyOCH/Bh47OyDLapV/TT9nxGax85voxK/aGaJx\nh6ZacTrRibjO9ws2o1BLLwcLNUONx4bSkVqtscl74CPTSMl6aQD4PGNlT5XZnnW1\nokkqu8Vu+NJo4G7hF9RXs6I5moH5hHKOrrgM/2UVErSHH48z2l/ag5heDdc5BVW9\nAINdKso8Y0Qhvi3GQTLZFiUsumqugy8M1F6Kzwz/BKQAu67sc5eg5aFsD5DjZb1A\n5DJg3WjUHOYRABHsNNhEUBel2hdAhPHVdobCHm89UZFo4WAgXDeNobbsL5DbNQ/G\nLHYBCx7izJKpQI1jhh8AbTZ3IDJuI6vmXhtME+yXPAbNjtfibWGhi7Q7OC2/vdy5\nlwkGxiIC8Pj1RGnfqhQb+B3yuD8wLOsMSlWwahEjmKNqKyYRG/DICJrf8171fJoI\nI5TecgZMNcnDtkaktClJwx8CAwEAAQ==\n-----END PUBLIC KEY-----\n",
            "rsa_bits": 4096
          },
          "sensitive_attributes": []
        }
      ]
    },
    {
      "module": "module.igw",
      "mode": "managed",
      "type": "aws_internet_gateway",
      "name": "igw",
      "provider": "provider[\"registry.terraform.io/hashicorp/aws\"]",
      "instances": [
        {
          "schema_version": 0,
          "attributes": {
            "arn": "arn:aws:ec2:us-east-1:520097146698:internet-gateway/igw-02ca4dae7d72fea9b",
            "id": "igw-02ca4dae7d72fea9b",
            "owner_id": "520097146698",
            "tags": {
              "Name": "igw",
              "Owner": "Neeraj"
            },
            "tags_all": {
              "Name": "igw",
              "Owner": "Neeraj"
            },
            "timeouts": null,
            "vpc_id": "vpc-08fb63ec65be71a03"
          },
          "sensitive_attributes": [],
          "private": "eyJlMmJmYjczMC1lY2FhLTExZTYtOGY4OC0zNDM2M2JjN2M0YzAiOnsiY3JlYXRlIjoxMjAwMDAwMDAwMDAwLCJkZWxldGUiOjEyMDAwMDAwMDAwMDAsInVwZGF0ZSI6MTIwMDAwMDAwMDAwMH19",
          "dependencies": [
            "module.vpc.aws_vpc.my_vpc"
          ]
        }
      ]
    },
    {
      "module": "module.master",
      "mode": "managed",
      "type": "aws_instance",
      "name": "ec2",
      "provider": "provider[\"registry.terraform.io/hashicorp/aws\"]",
      "instances": [
        {
          "schema_version": 1,
          "attributes": {
            "ami": "ami-08c40ec9ead489470",
            "arn": "arn:aws:ec2:us-east-1:520097146698:instance/i-017b4cf9a41a4995f",
            "associate_public_ip_address": true,
            "availability_zone": "us-east-1a",
            "capacity_reservation_specification": [
              {
                "capacity_reservation_preference": "open",
                "capacity_reservation_target": []
              }
            ],
            "cpu_core_count": 1,
            "cpu_threads_per_core": 1,
            "credit_specification": [
              {
                "cpu_credits": "standard"
              }
            ],
            "disable_api_stop": false,
            "disable_api_termination": false,
            "ebs_block_device": [],
            "ebs_optimized": false,
            "enclave_options": [
              {
                "enabled": false
              }
            ],
            "ephemeral_block_device": [],
            "get_password_data": false,
            "hibernation": false,
            "host_id": "",
            "host_resource_group_arn": null,
            "iam_instance_profile": "",
            "id": "i-017b4cf9a41a4995f",
            "instance_initiated_shutdown_behavior": "stop",
            "instance_state": "running",
            "instance_type": "t2.micro",
            "ipv6_address_count": 0,
            "ipv6_addresses": [],
            "key_name": "terraform-20230201060923428700000001",
            "launch_template": [],
            "maintenance_options": [
              {
                "auto_recovery": "default"
              }
            ],
            "metadata_options": [
              {
                "http_endpoint": "enabled",
                "http_put_response_hop_limit": 1,
                "http_tokens": "optional",
                "instance_metadata_tags": "disabled"
              }
            ],
            "monitoring": false,
            "network_interface": [],
            "outpost_arn": "",
            "password_data": "",
            "placement_group": "",
            "placement_partition_number": 0,
            "primary_network_interface_id": "eni-035244688333136cf",
            "private_dns": "ip-10-0-0-226.ec2.internal",
            "private_dns_name_options": [
              {
                "enable_resource_name_dns_a_record": false,
                "enable_resource_name_dns_aaaa_record": false,
                "hostname_type": "ip-name"
              }
            ],
            "private_ip": "10.0.0.226",
            "public_dns": "",
            "public_ip": "34.203.217.100",
            "root_block_device": [
              {
                "delete_on_termination": true,
                "device_name": "/dev/sda1",
                "encrypted": false,
                "iops": 100,
                "kms_key_id": "",
                "tags": {},
                "throughput": 0,
                "volume_id": "vol-01bd32000b3a8e6a3",
                "volume_size": 8,
                "volume_type": "gp2"
              }
            ],
            "secondary_private_ips": [],
            "security_groups": [],
            "source_dest_check": true,
            "subnet_id": "subnet-02f8ff27b9ce869b1",
            "tags": {
              "Name": "master",
              "Owner": "Neeraj"
            },
            "tags_all": {
              "Name": "master",
              "Owner": "Neeraj"
            },
            "tenancy": "default",
            "timeouts": null,
            "user_data": null,
            "user_data_base64": null,
            "user_data_replace_on_change": false,
            "volume_tags": null,
            "vpc_security_group_ids": [
              "sg-01f63ae547a22d2c9"
            ]
          },
          "sensitive_attributes": [],
          "private": "eyJlMmJmYjczMC1lY2FhLTExZTYtOGY4OC0zNDM2M2JjN2M0YzAiOnsiY3JlYXRlIjo2MDAwMDAwMDAwMDAsImRlbGV0ZSI6MTIwMDAwMDAwMDAwMCwidXBkYXRlIjo2MDAwMDAwMDAwMDB9LCJzY2hlbWFfdmVyc2lvbiI6IjEifQ==",
          "dependencies": [
            "module.access_key.aws_key_pair.keypair",
            "module.access_key.tls_private_key.rsa",
            "module.pb_sg.aws_security_group.public_security_group",
            "module.public_subnet.aws_subnet.public_subnet",
            "module.vpc.aws_vpc.my_vpc"
          ]
        }
      ]
    },
    {
      "module": "module.nat",
      "mode": "managed",
      "type": "aws_eip",
      "name": "nat_eip",
      "provider": "provider[\"registry.terraform.io/hashicorp/aws\"]",
      "instances": [
        {
          "schema_version": 0,
          "attributes": {
            "address": null,
            "allocation_id": "eipalloc-0ddab34a891df1274",
            "associate_with_private_ip": null,
            "association_id": "",
            "carrier_ip": "",
            "customer_owned_ip": "",
            "customer_owned_ipv4_pool": "",
            "domain": "vpc",
            "id": "eipalloc-0ddab34a891df1274",
            "instance": "",
            "network_border_group": "us-east-1",
            "network_interface": "",
            "private_dns": null,
            "private_ip": "",
            "public_dns": "ec2-18-213-252-104.compute-1.amazonaws.com",
            "public_ip": "18.213.252.104",
            "public_ipv4_pool": "amazon",
            "tags": null,
            "tags_all": {},
            "timeouts": null,
            "vpc": true
          },
          "sensitive_attributes": [],
          "private": "eyJlMmJmYjczMC1lY2FhLTExZTYtOGY4OC0zNDM2M2JjN2M0YzAiOnsiZGVsZXRlIjoxODAwMDAwMDAwMDAsInJlYWQiOjkwMDAwMDAwMDAwMCwidXBkYXRlIjozMDAwMDAwMDAwMDB9fQ=="
        }
      ]
    },
    {
      "module": "module.nat",
      "mode": "managed",
      "type": "aws_nat_gateway",
      "name": "NAT_gateway",
      "provider": "provider[\"registry.terraform.io/hashicorp/aws\"]",
      "instances": [
        {
          "schema_version": 0,
          "attributes": {
            "allocation_id": "eipalloc-0ddab34a891df1274",
            "connectivity_type": "public",
            "id": "nat-0bb4db76c83ac8816",
            "network_interface_id": "eni-0600350fad02fd7dc",
            "private_ip": "10.0.0.238",
            "public_ip": "18.213.252.104",
            "subnet_id": "subnet-02f8ff27b9ce869b1",
            "tags": {
              "Name": "nat",
              "Owner": "Neeraj"
            },
            "tags_all": {
              "Name": "nat",
              "Owner": "Neeraj"
            }
          },
          "sensitive_attributes": [],
          "private": "bnVsbA==",
          "dependencies": [
            "module.nat.aws_eip.nat_eip",
            "module.public_subnet.aws_subnet.public_subnet",
            "module.vpc.aws_vpc.my_vpc"
          ]
        }
      ]
    },
    {
      "module": "module.node1",
      "mode": "managed",
      "type": "aws_instance",
      "name": "ec2",
      "provider": "provider[\"registry.terraform.io/hashicorp/aws\"]",
      "instances": [
        {
          "schema_version": 1,
          "attributes": {
            "ami": "ami-08c40ec9ead489470",
            "arn": "arn:aws:ec2:us-east-1:520097146698:instance/i-08f96f6a9b09c5c81",
            "associate_public_ip_address": false,
            "availability_zone": "us-east-1b",
            "capacity_reservation_specification": [
              {
                "capacity_reservation_preference": "open",
                "capacity_reservation_target": []
              }
            ],
            "cpu_core_count": 1,
            "cpu_threads_per_core": 1,
            "credit_specification": [
              {
                "cpu_credits": "standard"
              }
            ],
            "disable_api_stop": false,
            "disable_api_termination": false,
            "ebs_block_device": [],
            "ebs_optimized": false,
            "enclave_options": [
              {
                "enabled": false
              }
            ],
            "ephemeral_block_device": [],
            "get_password_data": false,
            "hibernation": false,
            "host_id": "",
            "host_resource_group_arn": null,
            "iam_instance_profile": "",
            "id": "i-08f96f6a9b09c5c81",
            "instance_initiated_shutdown_behavior": "stop",
            "instance_state": "running",
            "instance_type": "t2.micro",
            "ipv6_address_count": 0,
            "ipv6_addresses": [],
            "key_name": "terraform-20230201060923428700000001",
            "launch_template": [],
            "maintenance_options": [
              {
                "auto_recovery": "default"
              }
            ],
            "metadata_options": [
              {
                "http_endpoint": "enabled",
                "http_put_response_hop_limit": 1,
                "http_tokens": "optional",
                "instance_metadata_tags": "disabled"
              }
            ],
            "monitoring": false,
            "network_interface": [],
            "outpost_arn": "",
            "password_data": "",
            "placement_group": "",
            "placement_partition_number": 0,
            "primary_network_interface_id": "eni-0cb3d57e97209a1c6",
            "private_dns": "ip-10-0-48-190.ec2.internal",
            "private_dns_name_options": [
              {
                "enable_resource_name_dns_a_record": false,
                "enable_resource_name_dns_aaaa_record": false,
                "hostname_type": "ip-name"
              }
            ],
            "private_ip": "10.0.48.190",
            "public_dns": "",
            "public_ip": "",
            "root_block_device": [
              {
                "delete_on_termination": true,
                "device_name": "/dev/sda1",
                "encrypted": false,
                "iops": 100,
                "kms_key_id": "",
                "tags": {},
                "throughput": 0,
                "volume_id": "vol-0dc5101dbb80c6aa7",
                "volume_size": 8,
                "volume_type": "gp2"
              }
            ],
            "secondary_private_ips": [],
            "security_groups": [],
            "source_dest_check": true,
            "subnet_id": "subnet-0419b9095a9667eaa",
            "tags": {
              "Name": "db_Node1",
              "Owner": "Neeraj"
            },
            "tags_all": {
              "Name": "db_Node1",
              "Owner": "Neeraj"
            },
            "tenancy": "default",
            "timeouts": null,
            "user_data": null,
            "user_data_base64": null,
            "user_data_replace_on_change": false,
            "volume_tags": null,
            "vpc_security_group_ids": [
              "sg-0bdea79ab25b31dc7"
            ]
          },
          "sensitive_attributes": [],
          "private": "eyJlMmJmYjczMC1lY2FhLTExZTYtOGY4OC0zNDM2M2JjN2M0YzAiOnsiY3JlYXRlIjo2MDAwMDAwMDAwMDAsImRlbGV0ZSI6MTIwMDAwMDAwMDAwMCwidXBkYXRlIjo2MDAwMDAwMDAwMDB9LCJzY2hlbWFfdmVyc2lvbiI6IjEifQ==",
          "dependencies": [
            "module.access_key.aws_key_pair.keypair",
            "module.access_key.tls_private_key.rsa",
            "module.pvt_sg.aws_security_group.private_security_group",
            "module.pvt_subnet1.aws_subnet.private_subnet",
            "module.vpc.aws_vpc.my_vpc"
          ]
        }
      ]
    },
    {
      "module": "module.node2",
      "mode": "managed",
      "type": "aws_instance",
      "name": "ec2",
      "provider": "provider[\"registry.terraform.io/hashicorp/aws\"]",
      "instances": [
        {
          "schema_version": 1,
          "attributes": {
            "ami": "ami-08c40ec9ead489470",
            "arn": "arn:aws:ec2:us-east-1:520097146698:instance/i-0e93692d9c41d932f",
            "associate_public_ip_address": false,
            "availability_zone": "us-east-1c",
            "capacity_reservation_specification": [
              {
                "capacity_reservation_preference": "open",
                "capacity_reservation_target": []
              }
            ],
            "cpu_core_count": 1,
            "cpu_threads_per_core": 1,
            "credit_specification": [
              {
                "cpu_credits": "standard"
              }
            ],
            "disable_api_stop": false,
            "disable_api_termination": false,
            "ebs_block_device": [],
            "ebs_optimized": false,
            "enclave_options": [
              {
                "enabled": false
              }
            ],
            "ephemeral_block_device": [],
            "get_password_data": false,
            "hibernation": false,
            "host_id": "",
            "host_resource_group_arn": null,
            "iam_instance_profile": "",
            "id": "i-0e93692d9c41d932f",
            "instance_initiated_shutdown_behavior": "stop",
            "instance_state": "running",
            "instance_type": "t2.micro",
            "ipv6_address_count": 0,
            "ipv6_addresses": [],
            "key_name": "terraform-20230201060923428700000001",
            "launch_template": [],
            "maintenance_options": [
              {
                "auto_recovery": "default"
              }
            ],
            "metadata_options": [
              {
                "http_endpoint": "enabled",
                "http_put_response_hop_limit": 1,
                "http_tokens": "optional",
                "instance_metadata_tags": "disabled"
              }
            ],
            "monitoring": false,
            "network_interface": [],
            "outpost_arn": "",
            "password_data": "",
            "placement_group": "",
            "placement_partition_number": 0,
            "primary_network_interface_id": "eni-02944fdd80958666a",
            "private_dns": "ip-10-0-128-201.ec2.internal",
            "private_dns_name_options": [
              {
                "enable_resource_name_dns_a_record": false,
                "enable_resource_name_dns_aaaa_record": false,
                "hostname_type": "ip-name"
              }
            ],
            "private_ip": "10.0.128.201",
            "public_dns": "",
            "public_ip": "",
            "root_block_device": [
              {
                "delete_on_termination": true,
                "device_name": "/dev/sda1",
                "encrypted": false,
                "iops": 100,
                "kms_key_id": "",
                "tags": {},
                "throughput": 0,
                "volume_id": "vol-00437e4315f1f268b",
                "volume_size": 8,
                "volume_type": "gp2"
              }
            ],
            "secondary_private_ips": [],
            "security_groups": [],
            "source_dest_check": true,
            "subnet_id": "subnet-0552f44985ff4f9ec",
            "tags": {
              "Name": "db_Node2",
              "Owner": "Neeraj"
            },
            "tags_all": {
              "Name": "db_Node2",
              "Owner": "Neeraj"
            },
            "tenancy": "default",
            "timeouts": null,
            "user_data": null,
            "user_data_base64": null,
            "user_data_replace_on_change": false,
            "volume_tags": null,
            "vpc_security_group_ids": [
              "sg-0bdea79ab25b31dc7"
            ]
          },
          "sensitive_attributes": [],
          "private": "eyJlMmJmYjczMC1lY2FhLTExZTYtOGY4OC0zNDM2M2JjN2M0YzAiOnsiY3JlYXRlIjo2MDAwMDAwMDAwMDAsImRlbGV0ZSI6MTIwMDAwMDAwMDAwMCwidXBkYXRlIjo2MDAwMDAwMDAwMDB9LCJzY2hlbWFfdmVyc2lvbiI6IjEifQ==",
          "dependencies": [
            "module.access_key.aws_key_pair.keypair",
            "module.access_key.tls_private_key.rsa",
            "module.pvt_sg.aws_security_group.private_security_group",
            "module.pvt_subnet2.aws_subnet.private_subnet",
            "module.vpc.aws_vpc.my_vpc"
          ]
        }
      ]
    },
    {
      "module": "module.pb_sg",
      "mode": "managed",
      "type": "aws_security_group",
      "name": "public_security_group",
      "provider": "provider[\"registry.terraform.io/hashicorp/aws\"]",
      "instances": [
        {
          "schema_version": 1,
          "attributes": {
            "arn": "arn:aws:ec2:us-east-1:520097146698:security-group/sg-01f63ae547a22d2c9",
            "description": "security group",
            "egress": [
              {
                "cidr_blocks": [
                  "0.0.0.0/0"
                ],
                "description": "",
                "from_port": 0,
                "ipv6_cidr_blocks": [
                  "::/0"
                ],
                "prefix_list_ids": [],
                "protocol": "-1",
                "security_groups": [],
                "self": false,
                "to_port": 0
              }
            ],
            "id": "sg-01f63ae547a22d2c9",
            "ingress": [
              {
                "cidr_blocks": [
                  "0.0.0.0/0"
                ],
                "description": "Traffic from VPC",
                "from_port": 22,
                "ipv6_cidr_blocks": [],
                "prefix_list_ids": [],
                "protocol": "tcp",
                "security_groups": [],
                "self": false,
                "to_port": 22
              },
              {
                "cidr_blocks": [
                  "0.0.0.0/0"
                ],
                "description": "Traffic from VPC",
                "from_port": 8443,
                "ipv6_cidr_blocks": [],
                "prefix_list_ids": [],
                "protocol": "tcp",
                "security_groups": [],
                "self": false,
                "to_port": 8443
              },
              {
                "cidr_blocks": [
                  "0.0.0.0/0"
                ],
                "description": "port for rd-crossCluster-search ",
                "from_port": 7000,
                "ipv6_cidr_blocks": [],
                "prefix_list_ids": [],
                "protocol": "tcp",
                "security_groups": [],
                "self": false,
                "to_port": 7000
              },
              {
                "cidr_blocks": [
                  "0.0.0.0/0"
                ],
                "description": "port for rd-nodeCommunication ",
                "from_port": 3333,
                "ipv6_cidr_blocks": [],
                "prefix_list_ids": [],
                "protocol": "tcp",
                "security_groups": [],
                "self": false,
                "to_port": 3333
              },
              {
                "cidr_blocks": [
                  "0.0.0.0/0"
                ],
                "description": "port for redis-database",
                "from_port": 10000,
                "ipv6_cidr_blocks": [],
                "prefix_list_ids": [],
                "protocol": "tcp",
                "security_groups": [],
                "self": false,
                "to_port": 10000
              },
              {
                "cidr_blocks": [
                  "0.0.0.0/0"
                ],
                "description": "port for redis-rest-api",
                "from_port": 9443,
                "ipv6_cidr_blocks": [],
                "prefix_list_ids": [],
                "protocol": "tcp",
                "security_groups": [],
                "self": false,
                "to_port": 9443
              }
            ],
            "name": "public-sg",
            "name_prefix": "",
            "owner_id": "520097146698",
            "revoke_rules_on_delete": false,
            "tags": {
              "Name": "public-sg",
              "Owner": "Neeraj"
            },
            "tags_all": {
              "Name": "public-sg",
              "Owner": "Neeraj"
            },
            "timeouts": null,
            "vpc_id": "vpc-08fb63ec65be71a03"
          },
          "sensitive_attributes": [],
          "private": "eyJlMmJmYjczMC1lY2FhLTExZTYtOGY4OC0zNDM2M2JjN2M0YzAiOnsiY3JlYXRlIjo2MDAwMDAwMDAwMDAsImRlbGV0ZSI6OTAwMDAwMDAwMDAwfSwic2NoZW1hX3ZlcnNpb24iOiIxIn0=",
          "dependencies": [
            "module.vpc.aws_vpc.my_vpc"
          ]
        }
      ]
    },
    {
      "module": "module.public_rtb",
      "mode": "managed",
      "type": "aws_route_table",
      "name": "public_routeTable",
      "provider": "provider[\"registry.terraform.io/hashicorp/aws\"]",
      "instances": [
        {
          "schema_version": 0,
          "attributes": {
            "arn": "arn:aws:ec2:us-east-1:520097146698:route-table/rtb-06f65b12245b47397",
            "id": "rtb-06f65b12245b47397",
            "owner_id": "520097146698",
            "propagating_vgws": [],
            "route": [
              {
                "carrier_gateway_id": "",
                "cidr_block": "0.0.0.0/0",
                "core_network_arn": "",
                "destination_prefix_list_id": "",
                "egress_only_gateway_id": "",
                "gateway_id": "igw-02ca4dae7d72fea9b",
                "instance_id": "",
                "ipv6_cidr_block": "",
                "local_gateway_id": "",
                "nat_gateway_id": "",
                "network_interface_id": "",
                "transit_gateway_id": "",
                "vpc_endpoint_id": "",
                "vpc_peering_connection_id": ""
              }
            ],
            "tags": {
              "Name": "pub_rtb",
              "Owner": "Neeraj"
            },
            "tags_all": {
              "Name": "pub_rtb",
              "Owner": "Neeraj"
            },
            "timeouts": null,
            "vpc_id": "vpc-08fb63ec65be71a03"
          },
          "sensitive_attributes": [],
          "private": "eyJlMmJmYjczMC1lY2FhLTExZTYtOGY4OC0zNDM2M2JjN2M0YzAiOnsiY3JlYXRlIjozMDAwMDAwMDAwMDAsImRlbGV0ZSI6MzAwMDAwMDAwMDAwLCJ1cGRhdGUiOjEyMDAwMDAwMDAwMH19",
          "dependencies": [
            "module.igw.aws_internet_gateway.igw",
            "module.vpc.aws_vpc.my_vpc"
          ]
        }
      ]
    },
    {
      "module": "module.public_subnet",
      "mode": "managed",
      "type": "aws_route_table_association",
      "name": "a",
      "provider": "provider[\"registry.terraform.io/hashicorp/aws\"]",
      "instances": [
        {
          "schema_version": 0,
          "attributes": {
            "gateway_id": "",
            "id": "rtbassoc-03d491ce5b0d8f2b9",
            "route_table_id": "rtb-06f65b12245b47397",
            "subnet_id": "subnet-02f8ff27b9ce869b1"
          },
          "sensitive_attributes": [],
          "private": "bnVsbA==",
          "dependencies": [
            "module.igw.aws_internet_gateway.igw",
            "module.public_rtb.aws_route_table.public_routeTable",
            "module.public_subnet.aws_subnet.public_subnet",
            "module.vpc.aws_vpc.my_vpc"
          ]
        }
      ]
    },
    {
      "module": "module.public_subnet",
      "mode": "managed",
      "type": "aws_subnet",
      "name": "public_subnet",
      "provider": "provider[\"registry.terraform.io/hashicorp/aws\"]",
      "instances": [
        {
          "schema_version": 1,
          "attributes": {
            "arn": "arn:aws:ec2:us-east-1:520097146698:subnet/subnet-02f8ff27b9ce869b1",
            "assign_ipv6_address_on_creation": false,
            "availability_zone": "us-east-1a",
            "availability_zone_id": "use1-az2",
            "cidr_block": "10.0.0.0/24",
            "customer_owned_ipv4_pool": "",
            "enable_dns64": false,
            "enable_resource_name_dns_a_record_on_launch": false,
            "enable_resource_name_dns_aaaa_record_on_launch": false,
            "id": "subnet-02f8ff27b9ce869b1",
            "ipv6_cidr_block": "",
            "ipv6_cidr_block_association_id": "",
            "ipv6_native": false,
            "map_customer_owned_ip_on_launch": false,
            "map_public_ip_on_launch": true,
            "outpost_arn": "",
            "owner_id": "520097146698",
            "private_dns_hostname_type_on_launch": "ip-name",
            "tags": {
              "Name": "pb_subnet",
              "Owner": "Neeraj"
            },
            "tags_all": {
              "Name": "pb_subnet",
              "Owner": "Neeraj"
            },
            "timeouts": null,
            "vpc_id": "vpc-08fb63ec65be71a03"
          },
          "sensitive_attributes": [],
          "private": "eyJlMmJmYjczMC1lY2FhLTExZTYtOGY4OC0zNDM2M2JjN2M0YzAiOnsiY3JlYXRlIjo2MDAwMDAwMDAwMDAsImRlbGV0ZSI6MTIwMDAwMDAwMDAwMH0sInNjaGVtYV92ZXJzaW9uIjoiMSJ9",
          "dependencies": [
            "module.vpc.aws_vpc.my_vpc"
          ]
        }
      ]
    },
    {
      "module": "module.pvt_rtb",
      "mode": "managed",
      "type": "aws_route_table",
      "name": "private_routeTable",
      "provider": "provider[\"registry.terraform.io/hashicorp/aws\"]",
      "instances": [
        {
          "schema_version": 0,
          "attributes": {
            "arn": "arn:aws:ec2:us-east-1:520097146698:route-table/rtb-016fac00c2a5ce2ba",
            "id": "rtb-016fac00c2a5ce2ba",
            "owner_id": "520097146698",
            "propagating_vgws": [],
            "route": [
              {
                "carrier_gateway_id": "",
                "cidr_block": "0.0.0.0/0",
                "core_network_arn": "",
                "destination_prefix_list_id": "",
                "egress_only_gateway_id": "",
                "gateway_id": "igw-02ca4dae7d72fea9b",
                "instance_id": "",
                "ipv6_cidr_block": "",
                "local_gateway_id": "",
                "nat_gateway_id": "",
                "network_interface_id": "",
                "transit_gateway_id": "",
                "vpc_endpoint_id": "",
                "vpc_peering_connection_id": ""
              }
            ],
            "tags": {
              "Name": "pvt_rtb",
              "Owner": "Neeraj"
            },
            "tags_all": {
              "Name": "pvt_rtb",
              "Owner": "Neeraj"
            },
            "timeouts": null,
            "vpc_id": "vpc-08fb63ec65be71a03"
          },
          "sensitive_attributes": [],
          "private": "eyJlMmJmYjczMC1lY2FhLTExZTYtOGY4OC0zNDM2M2JjN2M0YzAiOnsiY3JlYXRlIjozMDAwMDAwMDAwMDAsImRlbGV0ZSI6MzAwMDAwMDAwMDAwLCJ1cGRhdGUiOjEyMDAwMDAwMDAwMH19",
          "dependencies": [
            "module.igw.aws_internet_gateway.igw",
            "module.vpc.aws_vpc.my_vpc"
          ]
        }
      ]
    },
    {
      "module": "module.pvt_sg",
      "mode": "managed",
      "type": "aws_security_group",
      "name": "private_security_group",
      "provider": "provider[\"registry.terraform.io/hashicorp/aws\"]",
      "instances": [
        {
          "schema_version": 1,
          "attributes": {
            "arn": "arn:aws:ec2:us-east-1:520097146698:security-group/sg-0bdea79ab25b31dc7",
            "description": "security group",
            "egress": [
              {
                "cidr_blocks": [
                  "0.0.0.0/0"
                ],
                "description": "",
                "from_port": 0,
                "ipv6_cidr_blocks": [
                  "::/0"
                ],
                "prefix_list_ids": [],
                "protocol": "-1",
                "security_groups": [],
                "self": false,
                "to_port": 0
              }
            ],
            "id": "sg-0bdea79ab25b31dc7",
            "ingress": [
              {
                "cidr_blocks": [
                  "10.0.0.0/16"
                ],
                "description": "Traffic from VPC",
                "from_port": 22,
                "ipv6_cidr_blocks": [],
                "prefix_list_ids": [],
                "protocol": "tcp",
                "security_groups": [],
                "self": false,
                "to_port": 22
              },
              {
                "cidr_blocks": [
                  "10.0.0.0/16"
                ],
                "description": "Traffic from VPC",
                "from_port": 8443,
                "ipv6_cidr_blocks": [],
                "prefix_list_ids": [],
                "protocol": "tcp",
                "security_groups": [],
                "self": false,
                "to_port": 8443
              },
              {
                "cidr_blocks": [
                  "10.0.0.0/16"
                ],
                "description": "port for rd-crossCluster-search ",
                "from_port": 7000,
                "ipv6_cidr_blocks": [],
                "prefix_list_ids": [],
                "protocol": "tcp",
                "security_groups": [],
                "self": false,
                "to_port": 7000
              },
              {
                "cidr_blocks": [
                  "10.0.0.0/16"
                ],
                "description": "port for rd-database ",
                "from_port": 10000,
                "ipv6_cidr_blocks": [],
                "prefix_list_ids": [],
                "protocol": "tcp",
                "security_groups": [],
                "self": false,
                "to_port": 10000
              },
              {
                "cidr_blocks": [
                  "10.0.0.0/16"
                ],
                "description": "port for rd-nodeCommunication ",
                "from_port": 3333,
                "ipv6_cidr_blocks": [],
                "prefix_list_ids": [],
                "protocol": "tcp",
                "security_groups": [],
                "self": false,
                "to_port": 3333
              },
              {
                "cidr_blocks": [
                  "10.0.0.0/16"
                ],
                "description": "port for rd-rest-api ",
                "from_port": 9443,
                "ipv6_cidr_blocks": [],
                "prefix_list_ids": [],
                "protocol": "tcp",
                "security_groups": [],
                "self": false,
                "to_port": 9443
              }
            ],
            "name": "pvt-sg",
            "name_prefix": "",
            "owner_id": "520097146698",
            "revoke_rules_on_delete": false,
            "tags": {
              "Name": "private-sg",
              "Owner": "Neeraj"
            },
            "tags_all": {
              "Name": "private-sg",
              "Owner": "Neeraj"
            },
            "timeouts": null,
            "vpc_id": "vpc-08fb63ec65be71a03"
          },
          "sensitive_attributes": [],
          "private": "eyJlMmJmYjczMC1lY2FhLTExZTYtOGY4OC0zNDM2M2JjN2M0YzAiOnsiY3JlYXRlIjo2MDAwMDAwMDAwMDAsImRlbGV0ZSI6OTAwMDAwMDAwMDAwfSwic2NoZW1hX3ZlcnNpb24iOiIxIn0=",
          "dependencies": [
            "module.vpc.aws_vpc.my_vpc"
          ]
        }
      ]
    },
    {
      "module": "module.pvt_subnet1",
      "mode": "managed",
      "type": "aws_route_table_association",
      "name": "b",
      "provider": "provider[\"registry.terraform.io/hashicorp/aws\"]",
      "instances": [
        {
          "schema_version": 0,
          "attributes": {
            "gateway_id": "",
            "id": "rtbassoc-016e2baa929b78cc5",
            "route_table_id": "rtb-016fac00c2a5ce2ba",
            "subnet_id": "subnet-0419b9095a9667eaa"
          },
          "sensitive_attributes": [],
          "private": "bnVsbA==",
          "dependencies": [
            "module.igw.aws_internet_gateway.igw",
            "module.pvt_rtb.aws_route_table.private_routeTable",
            "module.pvt_subnet1.aws_subnet.private_subnet",
            "module.vpc.aws_vpc.my_vpc"
          ]
        }
      ]
    },
    {
      "module": "module.pvt_subnet1",
      "mode": "managed",
      "type": "aws_subnet",
      "name": "private_subnet",
      "provider": "provider[\"registry.terraform.io/hashicorp/aws\"]",
      "instances": [
        {
          "schema_version": 1,
          "attributes": {
            "arn": "arn:aws:ec2:us-east-1:520097146698:subnet/subnet-0419b9095a9667eaa",
            "assign_ipv6_address_on_creation": false,
            "availability_zone": "us-east-1b",
            "availability_zone_id": "use1-az4",
            "cidr_block": "10.0.48.0/24",
            "customer_owned_ipv4_pool": "",
            "enable_dns64": false,
            "enable_resource_name_dns_a_record_on_launch": false,
            "enable_resource_name_dns_aaaa_record_on_launch": false,
            "id": "subnet-0419b9095a9667eaa",
            "ipv6_cidr_block": "",
            "ipv6_cidr_block_association_id": "",
            "ipv6_native": false,
            "map_customer_owned_ip_on_launch": false,
            "map_public_ip_on_launch": false,
            "outpost_arn": "",
            "owner_id": "520097146698",
            "private_dns_hostname_type_on_launch": "ip-name",
            "tags": {
              "Name": "pvt_subnet1",
              "Owner": "Neeraj"
            },
            "tags_all": {
              "Name": "pvt_subnet1",
              "Owner": "Neeraj"
            },
            "timeouts": null,
            "vpc_id": "vpc-08fb63ec65be71a03"
          },
          "sensitive_attributes": [],
          "private": "eyJlMmJmYjczMC1lY2FhLTExZTYtOGY4OC0zNDM2M2JjN2M0YzAiOnsiY3JlYXRlIjo2MDAwMDAwMDAwMDAsImRlbGV0ZSI6MTIwMDAwMDAwMDAwMH0sInNjaGVtYV92ZXJzaW9uIjoiMSJ9",
          "dependencies": [
            "module.vpc.aws_vpc.my_vpc"
          ]
        }
      ]
    },
    {
      "module": "module.pvt_subnet2",
      "mode": "managed",
      "type": "aws_route_table_association",
      "name": "b",
      "provider": "provider[\"registry.terraform.io/hashicorp/aws\"]",
      "instances": [
        {
          "schema_version": 0,
          "attributes": {
            "gateway_id": "",
            "id": "rtbassoc-0906b9f0c21567f14",
            "route_table_id": "rtb-016fac00c2a5ce2ba",
            "subnet_id": "subnet-0552f44985ff4f9ec"
          },
          "sensitive_attributes": [],
          "private": "bnVsbA==",
          "dependencies": [
            "module.igw.aws_internet_gateway.igw",
            "module.pvt_rtb.aws_route_table.private_routeTable",
            "module.pvt_subnet2.aws_subnet.private_subnet",
            "module.vpc.aws_vpc.my_vpc"
          ]
        }
      ]
    },
    {
      "module": "module.pvt_subnet2",
      "mode": "managed",
      "type": "aws_subnet",
      "name": "private_subnet",
      "provider": "provider[\"registry.terraform.io/hashicorp/aws\"]",
      "instances": [
        {
          "schema_version": 1,
          "attributes": {
            "arn": "arn:aws:ec2:us-east-1:520097146698:subnet/subnet-0552f44985ff4f9ec",
            "assign_ipv6_address_on_creation": false,
            "availability_zone": "us-east-1c",
            "availability_zone_id": "use1-az6",
            "cidr_block": "10.0.128.0/24",
            "customer_owned_ipv4_pool": "",
            "enable_dns64": false,
            "enable_resource_name_dns_a_record_on_launch": false,
            "enable_resource_name_dns_aaaa_record_on_launch": false,
            "id": "subnet-0552f44985ff4f9ec",
            "ipv6_cidr_block": "",
            "ipv6_cidr_block_association_id": "",
            "ipv6_native": false,
            "map_customer_owned_ip_on_launch": false,
            "map_public_ip_on_launch": false,
            "outpost_arn": "",
            "owner_id": "520097146698",
            "private_dns_hostname_type_on_launch": "ip-name",
            "tags": {
              "Name": "pvt_subnet2",
              "Owner": "Neeraj"
            },
            "tags_all": {
              "Name": "pvt_subnet2",
              "Owner": "Neeraj"
            },
            "timeouts": null,
            "vpc_id": "vpc-08fb63ec65be71a03"
          },
          "sensitive_attributes": [],
          "private": "eyJlMmJmYjczMC1lY2FhLTExZTYtOGY4OC0zNDM2M2JjN2M0YzAiOnsiY3JlYXRlIjo2MDAwMDAwMDAwMDAsImRlbGV0ZSI6MTIwMDAwMDAwMDAwMH0sInNjaGVtYV92ZXJzaW9uIjoiMSJ9",
          "dependencies": [
            "module.vpc.aws_vpc.my_vpc"
          ]
        }
      ]
    },
    {
      "module": "module.vpc",
      "mode": "managed",
      "type": "aws_vpc",
      "name": "my_vpc",
      "provider": "provider[\"registry.terraform.io/hashicorp/aws\"]",
      "instances": [
        {
          "schema_version": 1,
          "attributes": {
            "arn": "arn:aws:ec2:us-east-1:520097146698:vpc/vpc-08fb63ec65be71a03",
            "assign_generated_ipv6_cidr_block": false,
            "cidr_block": "10.0.0.0/16",
            "default_network_acl_id": "acl-0825c1e209c7d0d9b",
            "default_route_table_id": "rtb-0149b7a5c415312e1",
            "default_security_group_id": "sg-02c7c06c77617f059",
            "dhcp_options_id": "dopt-00b01f0719f2b640f",
            "enable_classiclink": false,
            "enable_classiclink_dns_support": false,
            "enable_dns_hostnames": false,
            "enable_dns_support": true,
            "enable_network_address_usage_metrics": false,
            "id": "vpc-08fb63ec65be71a03",
            "instance_tenancy": "default",
            "ipv4_ipam_pool_id": null,
            "ipv4_netmask_length": null,
            "ipv6_association_id": "",
            "ipv6_cidr_block": "",
            "ipv6_cidr_block_network_border_group": "",
            "ipv6_ipam_pool_id": "",
            "ipv6_netmask_length": 0,
            "main_route_table_id": "rtb-0149b7a5c415312e1",
            "owner_id": "520097146698",
            "tags": {
              "Name": "my-vpc",
              "Owner": "Neeraj"
            },
            "tags_all": {
              "Name": "my-vpc",
              "Owner": "Neeraj"
            }
          },
          "sensitive_attributes": [],
          "private": "eyJzY2hlbWFfdmVyc2lvbiI6IjEifQ=="
        }
      ]
    }
  ],
  "check_results": null
}
